<?xml version="1.0" encoding="utf-8"?>
<Project ToolsVersion="18.0" xmlns="http://schemas.microsoft.com/developer/msbuild/2003">
  <ItemGroup>
    <ClCompile Include="D:\GOLD MINER\goldminer-game\Classes\Other\AppDelegate.cpp">
      <Filter>Source Files\Classes\Other</Filter>
    </ClCompile>
    <ClCompile Include="D:\GOLD MINER\goldminer-game\Classes\MainScene\MainRoot.cpp">
      <Filter>Source Files\Classes\MainScene</Filter>
    </ClCompile>
    <ClCompile Include="D:\GOLD MINER\goldminer-game\Classes\MainScene\Game.cpp">
      <Filter>Source Files\Classes\MainScene</Filter>
    </ClCompile>
    <ClCompile Include="D:\GOLD MINER\goldminer-game\Classes\MainScene\Shop.cpp">
      <Filter>Source Files\Classes\MainScene</Filter>
    </ClCompile>
    <ClCompile Include="D:\GOLD MINER\goldminer-game\Classes\MainScene\Pause.cpp">
      <Filter>Source Files\Classes\MainScene</Filter>
    </ClCompile>
    <ClCompile Include="D:\GOLD MINER\goldminer-game\Classes\MainScene\StageTipsLayer.cpp">
      <Filter>Source Files\Classes\MainScene</Filter>
    </ClCompile>
    <ClCompile Include="D:\GOLD MINER\goldminer-game\Classes\Other\UserDataManager.cpp">
      <Filter>Source Files\Classes\Other</Filter>
    </ClCompile>
    <ClCompile Include="D:\GOLD MINER\goldminer-game\Classes\Tool\SoundTool.cpp">
      <Filter>Source Files\Classes\Tool</Filter>
    </ClCompile>
    <ClCompile Include="D:\GOLD MINER\goldminer-game\Classes\Tool\MusicPlayer.cpp">
      <Filter>Source Files\Classes\Tool</Filter>
    </ClCompile>
    <ClCompile Include="D:\GOLD MINER\goldminer-game\Classes\gameobjects\Mineral.cpp">
      <Filter>Source Files\Classes\gameobjects</Filter>
    </ClCompile>
    <ClCompile Include="D:\GOLD MINER\goldminer-game\Classes\services\LevelLoader.cpp">
      <Filter>Source Files\Classes\services</Filter>
    </ClCompile>
    <ClCompile Include="D:\GOLD MINER\goldminer-game\Classes\services\GestureClient.cpp">
      <Filter>Source Files\Classes\services</Filter>
    </ClCompile>
    <ClCompile Include="D:\GOLD MINER\goldminer-game\Classes\services\PlayerManager.cpp">
      <Filter>Source Files\Classes\services</Filter>
    </ClCompile>
    <ClCompile Include="D:\GOLD MINER\goldminer-game\Classes\services\AIGestureService.cpp">
      <Filter>Source Files\Classes\services</Filter>
    </ClCompile>
    <ClCompile Include="D:\GOLD MINER\goldminer-game\Classes\services\LocalGestureRecognizer.cpp">
      <Filter>Source Files\Classes\services</Filter>
    </ClCompile>
    <ClCompile Include="D:\GOLD MINER\goldminer-game\Classes\services\CloudGestureRecognizer.cpp">
      <Filter>Source Files\Classes\services</Filter>
    </ClCompile>
    <ClCompile Include="D:\GOLD MINER\goldminer-game\Classes\services\GestureFusion.cpp">
      <Filter>Source Files\Classes\services</Filter>
    </ClCompile>
    <ClCompile Include="D:\GOLD MINER\goldminer-game\Classes\services\AIGestureRecognizer.cpp">
      <Filter>Source Files\Classes\services</Filter>
    </ClCompile>
    <ClCompile Include="D:\GOLD MINER\goldminer-game\proj.win32\main.cpp">
      <Filter>Source Files\proj.win32</Filter>
    </ClCompile>
    <ClCompile Include="D:\cocos2d-x\cocos\precheader.cpp">
      <Filter>Source Files</Filter>
    </ClCompile>
  </ItemGroup>
  <ItemGroup>
    <ClInclude Include="D:\GOLD MINER\goldminer-game\Classes\Other\AppDelegate.h">
      <Filter>Source Files\Classes\Other</Filter>
    </ClInclude>
    <ClInclude Include="D:\GOLD MINER\goldminer-game\Classes\MainScene\MainRoot.hpp">
      <Filter>Source Files\Classes\MainScene</Filter>
    </ClInclude>
    <ClInclude Include="D:\GOLD MINER\goldminer-game\Classes\MainScene\Game.hpp">
      <Filter>Source Files\Classes\MainScene</Filter>
    </ClInclude>
    <ClInclude Include="D:\GOLD MINER\goldminer-game\Classes\MainScene\Shop.hpp">
      <Filter>Source Files\Classes\MainScene</Filter>
    </ClInclude>
    <ClInclude Include="D:\GOLD MINER\goldminer-game\Classes\MainScene\Pause.hpp">
      <Filter>Source Files\Classes\MainScene</Filter>
    </ClInclude>
    <ClInclude Include="D:\GOLD MINER\goldminer-game\Classes\MainScene\StageTipsLayer.hpp">
      <Filter>Source Files\Classes\MainScene</Filter>
    </ClInclude>
    <ClInclude Include="D:\GOLD MINER\goldminer-game\Classes\Other\Const.hpp">
      <Filter>Source Files\Classes\Other</Filter>
    </ClInclude>
    <ClInclude Include="D:\GOLD MINER\goldminer-game\Classes\Other\UserDataManager.hpp">
      <Filter>Source Files\Classes\Other</Filter>
    </ClInclude>
    <ClInclude Include="D:\GOLD MINER\goldminer-game\Classes\Tool\SoundTool.hpp">
      <Filter>Source Files\Classes\Tool</Filter>
    </ClInclude>
    <ClInclude Include="D:\GOLD MINER\goldminer-game\Classes\Tool\MusicPlayer.hpp">
      <Filter>Source Files\Classes\Tool</Filter>
    </ClInclude>
    <ClInclude Include="D:\GOLD MINER\goldminer-game\Classes\gameobjects\Mineral.hpp">
      <Filter>Source Files\Classes\gameobjects</Filter>
    </ClInclude>
    <ClInclude Include="D:\GOLD MINER\goldminer-game\Classes\services\LevelLoader.hpp">
      <Filter>Source Files\Classes\services</Filter>
    </ClInclude>
    <ClInclude Include="D:\GOLD MINER\goldminer-game\Classes\services\GestureClient.hpp">
      <Filter>Source Files\Classes\services</Filter>
    </ClInclude>
    <ClInclude Include="D:\GOLD MINER\goldminer-game\Classes\services\PlayerManager.hpp">
      <Filter>Source Files\Classes\services</Filter>
    </ClInclude>
    <ClInclude Include="D:\GOLD MINER\goldminer-game\Classes\services\AIGestureService.hpp">
      <Filter>Source Files\Classes\services</Filter>
    </ClInclude>
    <ClInclude Include="D:\GOLD MINER\goldminer-game\Classes\services\GestureData.hpp">
      <Filter>Source Files\Classes\services</Filter>
    </ClInclude>
    <ClInclude Include="D:\GOLD MINER\goldminer-game\Classes\services\IGestureRecognizer.hpp">
      <Filter>Source Files\Classes\services</Filter>
    </ClInclude>
    <ClInclude Include="D:\GOLD MINER\goldminer-game\Classes\services\LocalGestureRecognizer.hpp">
      <Filter>Source Files\Classes\services</Filter>
    </ClInclude>
    <ClInclude Include="D:\GOLD MINER\goldminer-game\Classes\services\CloudGestureRecognizer.hpp">
      <Filter>Source Files\Classes\services</Filter>
    </ClInclude>
    <ClInclude Include="D:\GOLD MINER\goldminer-game\Classes\services\GestureFusion.hpp">
      <Filter>Source Files\Classes\services</Filter>
    </ClInclude>
    <ClInclude Include="D:\GOLD MINER\goldminer-game\Classes\services\AIGestureRecognizer.hpp">
      <Filter>Source Files\Classes\services</Filter>
    </ClInclude>
    <ClInclude Include="D:\GOLD MINER\goldminer-game\proj.win32\main.h">
      <Filter>Source Files\proj.win32</Filter>
    </ClInclude>
    <ClInclude Include="D:\GOLD MINER\goldminer-game\proj.win32\resource.h">
      <Filter>Source Files\proj.win32</Filter>
    </ClInclude>
    <ClInclude Include="D:\GOLD MINER\goldminer-game\Resources\Boom.plist">
      <Filter>Resources</Filter>
    </ClInclude>
    <ClInclude Include="D:\GOLD MINER\goldminer-game\Resources\Default\Button_Disable.png">
      <Filter>Resources\Default</Filter>
    </ClInclude>
    <ClInclude Include="D:\GOLD MINER\goldminer-game\Resources\GameLayer.csb">
      <Filter>Resources</Filter>
    </ClInclude>
    <ClInclude Include="D:\GOLD MINER\goldminer-game\Resources\Hook.csb">
      <Filter>Resources</Filter>
    </ClInclude>
    <ClInclude Include="D:\GOLD MINER\goldminer-game\Resources\Layer.csb">
      <Filter>Resources</Filter>
    </ClInclude>
    <ClInclude Include="D:\GOLD MINER\goldminer-game\Resources\MinerAnimtion.csb">
      <Filter>Resources</Filter>
    </ClInclude>
    <ClInclude Include="D:\GOLD MINER\goldminer-game\Resources\PauseLayer.csb">
      <Filter>Resources</Filter>
    </ClInclude>
    <ClInclude Include="D:\GOLD MINER\goldminer-game\Resources\Resources\button.png">
      <Filter>Resources\Resources</Filter>
    </ClInclude>
    <ClInclude Include="D:\GOLD MINER\goldminer-game\Resources\Resources\dialog-background.png">
      <Filter>Resources\Resources</Filter>
    </ClInclude>
    <ClInclude Include="D:\GOLD MINER\goldminer-game\Resources\Resources\general-sheet.plist">
      <Filter>Resources\Resources</Filter>
    </ClInclude>
    <ClInclude Include="D:\GOLD MINER\goldminer-game\Resources\Resources\general-sheet.png">
      <Filter>Resources\Resources</Filter>
    </ClInclude>
    <ClInclude Include="D:\GOLD MINER\goldminer-game\Resources\Resources\gold-miner-text.png">
      <Filter>Resources\Resources</Filter>
    </ClInclude>
    <ClInclude Include="D:\GOLD MINER\goldminer-game\Resources\Resources\green.png">
      <Filter>Resources\Resources</Filter>
    </ClInclude>
    <ClInclude Include="D:\GOLD MINER\goldminer-game\Resources\Resources\huancun.plist">
      <Filter>Resources\Resources</Filter>
    </ClInclude>
    <ClInclude Include="D:\GOLD MINER\goldminer-game\Resources\Resources\huancun.png">
      <Filter>Resources\Resources</Filter>
    </ClInclude>
    <ClInclude Include="D:\GOLD MINER\goldminer-game\Resources\Resources\level-sheet.plist">
      <Filter>Resources\Resources</Filter>
    </ClInclude>
    <ClInclude Include="D:\GOLD MINER\goldminer-game\Resources\Resources\level-sheet.png">
      <Filter>Resources\Resources</Filter>
    </ClInclude>
    <ClInclude Include="D:\GOLD MINER\goldminer-game\Resources\Resources\menu-background-sky.jpg">
      <Filter>Resources\Resources</Filter>
    </ClInclude>
    <ClInclude Include="D:\GOLD MINER\goldminer-game\Resources\Resources\menu-background.png">
      <Filter>Resources\Resources</Filter>
    </ClInclude>
    <ClInclude Include="D:\GOLD MINER\goldminer-game\Resources\Resources\menu-miner.png">
      <Filter>Resources\Resources</Filter>
    </ClInclude>
    <ClInclude Include="D:\GOLD MINER\goldminer-game\Resources\Resources\menu-player-gold.png">
      <Filter>Resources\Resources</Filter>
    </ClInclude>
    <ClInclude Include="D:\GOLD MINER\goldminer-game\Resources\Resources\menu-start-gold.png">
      <Filter>Resources\Resources</Filter>
    </ClInclude>
    <ClInclude Include="D:\GOLD MINER\goldminer-game\Resources\Resources\mineBG1.png">
      <Filter>Resources\Resources</Filter>
    </ClInclude>
    <ClInclude Include="D:\GOLD MINER\goldminer-game\Resources\Resources\mineBG2.png">
      <Filter>Resources\Resources</Filter>
    </ClInclude>
    <ClInclude Include="D:\GOLD MINER\goldminer-game\Resources\Resources\mineBG3.png">
      <Filter>Resources\Resources</Filter>
    </ClInclude>
    <ClInclude Include="D:\GOLD MINER\goldminer-game\Resources\Resources\mineBG4.png">
      <Filter>Resources\Resources</Filter>
    </ClInclude>
    <ClInclude Include="D:\GOLD MINER\goldminer-game\Resources\Resources\mineBG5.png">
      <Filter>Resources\Resources</Filter>
    </ClInclude>
    <ClInclude Include="D:\GOLD MINER\goldminer-game\Resources\Resources\minerAction.plist">
      <Filter>Resources\Resources</Filter>
    </ClInclude>
    <ClInclude Include="D:\GOLD MINER\goldminer-game\Resources\Resources\minerAction.png">
      <Filter>Resources\Resources</Filter>
    </ClInclude>
    <ClInclude Include="D:\GOLD MINER\goldminer-game\Resources\Resources\one.png">
      <Filter>Resources\Resources</Filter>
    </ClInclude>
    <ClInclude Include="D:\GOLD MINER\goldminer-game\Resources\Resources\quitbtn.png">
      <Filter>Resources\Resources</Filter>
    </ClInclude>
    <ClInclude Include="D:\GOLD MINER\goldminer-game\Resources\Resources\shopBack.png">
      <Filter>Resources\Resources</Filter>
    </ClInclude>
    <ClInclude Include="D:\GOLD MINER\goldminer-game\Resources\Resources\shoper.plist">
      <Filter>Resources\Resources</Filter>
    </ClInclude>
    <ClInclude Include="D:\GOLD MINER\goldminer-game\Resources\Resources\shoper.png">
      <Filter>Resources\Resources</Filter>
    </ClInclude>
    <ClInclude Include="D:\GOLD MINER\goldminer-game\Resources\Resources\shopper exchange.png">
      <Filter>Resources\Resources</Filter>
    </ClInclude>
    <ClInclude Include="D:\GOLD MINER\goldminer-game\Resources\Resources\shopper new.png">
      <Filter>Resources\Resources</Filter>
    </ClInclude>
    <ClInclude Include="D:\GOLD MINER\goldminer-game\Resources\Resources\shopper_exchange.plist">
      <Filter>Resources\Resources</Filter>
    </ClInclude>
    <ClInclude Include="D:\GOLD MINER\goldminer-game\Resources\Resources\shopper_new.plist">
      <Filter>Resources\Resources</Filter>
    </ClInclude>
    <ClInclude Include="D:\GOLD MINER\goldminer-game\Resources\Resources\stars.png">
      <Filter>Resources\Resources</Filter>
    </ClInclude>
    <ClInclude Include="D:\GOLD MINER\goldminer-game\Resources\Resources\tableImage.png">
      <Filter>Resources\Resources</Filter>
    </ClInclude>
    <ClInclude Include="D:\GOLD MINER\goldminer-game\Resources\Resources\tip.png">
      <Filter>Resources\Resources</Filter>
    </ClInclude>
    <ClInclude Include="D:\GOLD MINER\goldminer-game\Resources\Resources\topbg.png">
      <Filter>Resources\Resources</Filter>
    </ClInclude>
    <ClInclude Include="D:\GOLD MINER\goldminer-game\Resources\ShopScene.csb">
      <Filter>Resources</Filter>
    </ClInclude>
    <ClInclude Include="D:\GOLD MINER\goldminer-game\Resources\StageTipsLayer.csb">
      <Filter>Resources</Filter>
    </ClInclude>
    <ClInclude Include="D:\GOLD MINER\goldminer-game\Resources\TipsFailOrSucess.csb">
      <Filter>Resources</Filter>
    </ClInclude>
    <ClInclude Include="D:\GOLD MINER\goldminer-game\Resources\ai_config.example.json">
      <Filter>Resources</Filter>
    </ClInclude>
    <ClInclude Include="D:\GOLD MINER\goldminer-game\Resources\ai_config.json">
      <Filter>Resources</Filter>
    </ClInclude>
    <ClInclude Include="D:\GOLD MINER\goldminer-game\Resources\level1.csb">
      <Filter>Resources</Filter>
    </ClInclude>
    <ClInclude Include="D:\GOLD MINER\goldminer-game\Resources\level2.csb">
      <Filter>Resources</Filter>
    </ClInclude>
    <ClInclude Include="D:\GOLD MINER\goldminer-game\Resources\level3.csb">
      <Filter>Resources</Filter>
    </ClInclude>
    <ClInclude Include="D:\GOLD MINER\goldminer-game\Resources\level4.csb">
      <Filter>Resources</Filter>
    </ClInclude>
    <ClInclude Include="D:\GOLD MINER\goldminer-game\Resources\level5.csb">
      <Filter>Resources</Filter>
    </ClInclude>
    <ClInclude Include="D:\GOLD MINER\goldminer-game\Resources\level_data.json">
      <Filter>Resources</Filter>
    </ClInclude>
    <ClInclude Include="D:\GOLD MINER\goldminer-game\Resources\music\David Tao\陶喆 - Angel.mp3">
      <Filter>Resources\music\David Tao</Filter>
    </ClInclude>
    <ClInclude Include="D:\GOLD MINER\goldminer-game\Resources\music\David Tao\陶喆 - Melody.mp3">
      <Filter>Resources\music\David Tao</Filter>
    </ClInclude>
    <ClInclude Include="D:\GOLD MINER\goldminer-game\Resources\music\David Tao\陶喆 - 二十二.mp3">
      <Filter>Resources\music\David Tao</Filter>
    </ClInclude>
    <ClInclude Include="D:\GOLD MINER\goldminer-game\Resources\music\David Tao\陶喆 - 寂寞的季节.mp3">
      <Filter>Resources\music\David Tao</Filter>
    </ClInclude>
    <ClInclude Include="D:\GOLD MINER\goldminer-game\Resources\music\David Tao\陶喆 - 小镇姑娘.mp3">
      <Filter>Resources\music\David Tao</Filter>
    </ClInclude>
    <ClInclude Include="D:\GOLD MINER\goldminer-game\Resources\music\David Tao\陶喆 - 就是爱你.mp3">
      <Filter>Resources\music\David Tao</Filter>
    </ClInclude>
    <ClInclude Include="D:\GOLD MINER\goldminer-game\Resources\music\David Tao\陶喆 - 找自己.mp3">
      <Filter>Resources\music\David Tao</Filter>
    </ClInclude>
    <ClInclude Include="D:\GOLD MINER\goldminer-game\Resources\music\David Tao\陶喆 - 普通朋友.mp3">
      <Filter>Resources\music\David Tao</Filter>
    </ClInclude>
    <ClInclude Include="D:\GOLD MINER\goldminer-game\Resources\music\David Tao\陶喆 - 暗恋.mp3">
      <Filter>Resources\music\David Tao</Filter>
    </ClInclude>
    <ClInclude Include="D:\GOLD MINER\goldminer-game\Resources\music\David Tao\陶喆 - 望春风.mp3">
      <Filter>Resources\music\David Tao</Filter>
    </ClInclude>
    <ClInclude Include="D:\GOLD MINER\goldminer-game\Resources\music\David Tao\陶喆 - 流沙.mp3">
      <Filter>Resources\music\David Tao</Filter>
    </ClInclude>
    <ClInclude Include="D:\GOLD MINER\goldminer-game\Resources\music\David Tao\陶喆 - 爱我还是他.mp3">
      <Filter>Resources\music\David Tao</Filter>
    </ClInclude>
    <ClInclude Include="D:\GOLD MINER\goldminer-game\Resources\music\David Tao\陶喆 - 爱，很简单.mp3">
      <Filter>Resources\music\David Tao</Filter>
    </ClInclude>
    <ClInclude Include="D:\GOLD MINER\goldminer-game\Resources\music\David Tao\陶喆 - 蝴蝶.mp3">
      <Filter>Resources\music\David Tao</Filter>
    </ClInclude>
    <ClInclude Include="D:\GOLD MINER\goldminer-game\Resources\music\David Tao\陶喆 - 讨厌红楼梦.mp3">
      <Filter>Resources\music\David Tao</Filter>
    </ClInclude>
    <ClInclude Include="D:\GOLD MINER\goldminer-game\Resources\music\David Tao\陶喆 - 飞机场的1030.mp3">
      <Filter>Resources\music\David Tao</Filter>
    </ClInclude>
    <ClInclude Include="D:\GOLD MINER\goldminer-game\Resources\music\JAY\周杰伦 - 三年二班.flac">
      <Filter>Resources\music\JAY</Filter>
    </ClInclude>
    <ClInclude Include="D:\GOLD MINER\goldminer-game\Resources\music\JAY\周杰伦 - 三年二班.mp3">
      <Filter>Resources\music\JAY</Filter>
    </ClInclude>
    <ClInclude Include="D:\GOLD MINER\goldminer-game\Resources\music\JAY\周杰伦 - 上海一九四三.flac">
      <Filter>Resources\music\JAY</Filter>
    </ClInclude>
    <ClInclude Include="D:\GOLD MINER\goldminer-game\Resources\music\JAY\周杰伦 - 上海一九四三.mp3">
      <Filter>Resources\music\JAY</Filter>
    </ClInclude>
    <ClInclude Include="D:\GOLD MINER\goldminer-game\Resources\music\JAY\周杰伦 - 东风破.flac">
      <Filter>Resources\music\JAY</Filter>
    </ClInclude>
    <ClInclude Include="D:\GOLD MINER\goldminer-game\Resources\music\JAY\周杰伦 - 东风破.mp3">
      <Filter>Resources\music\JAY</Filter>
    </ClInclude>
    <ClInclude Include="D:\GOLD MINER\goldminer-game\Resources\music\JAY\周杰伦 - 你听得到.flac">
      <Filter>Resources\music\JAY</Filter>
    </ClInclude>
    <ClInclude Include="D:\GOLD MINER\goldminer-game\Resources\music\JAY\周杰伦 - 你听得到.mp3">
      <Filter>Resources\music\JAY</Filter>
    </ClInclude>
    <ClInclude Include="D:\GOLD MINER\goldminer-game\Resources\music\JAY\周杰伦 - 分裂.flac">
      <Filter>Resources\music\JAY</Filter>
    </ClInclude>
    <ClInclude Include="D:\GOLD MINER\goldminer-game\Resources\music\JAY\周杰伦 - 分裂.mp3">
      <Filter>Resources\music\JAY</Filter>
    </ClInclude>
    <ClInclude Include="D:\GOLD MINER\goldminer-game\Resources\music\JAY\周杰伦 - 双刀.flac">
      <Filter>Resources\music\JAY</Filter>
    </ClInclude>
    <ClInclude Include="D:\GOLD MINER\goldminer-game\Resources\music\JAY\周杰伦 - 双刀.mp3">
      <Filter>Resources\music\JAY</Filter>
    </ClInclude>
    <ClInclude Include="D:\GOLD MINER\goldminer-game\Resources\music\JAY\周杰伦 - 反方向的钟.flac">
      <Filter>Resources\music\JAY</Filter>
    </ClInclude>
    <ClInclude Include="D:\GOLD MINER\goldminer-game\Resources\music\JAY\周杰伦 - 反方向的钟.mp3">
      <Filter>Resources\music\JAY</Filter>
    </ClInclude>
    <ClInclude Include="D:\GOLD MINER\goldminer-game\Resources\music\JAY\周杰伦 - 外婆.flac">
      <Filter>Resources\music\JAY</Filter>
    </ClInclude>
    <ClInclude Include="D:\GOLD MINER\goldminer-game\Resources\music\JAY\周杰伦 - 外婆.mp3">
      <Filter>Resources\music\JAY</Filter>
    </ClInclude>
    <ClInclude Include="D:\GOLD MINER\goldminer-game\Resources\music\JAY\周杰伦 - 大笨钟.flac">
      <Filter>Resources\music\JAY</Filter>
    </ClInclude>
    <ClInclude Include="D:\GOLD MINER\goldminer-game\Resources\music\JAY\周杰伦 - 大笨钟.mp3">
      <Filter>Resources\music\JAY</Filter>
    </ClInclude>
    <ClInclude Include="D:\GOLD MINER\goldminer-game\Resources\music\JAY\周杰伦 - 将军.flac">
      <Filter>Resources\music\JAY</Filter>
    </ClInclude>
    <ClInclude Include="D:\GOLD MINER\goldminer-game\Resources\music\JAY\周杰伦 - 将军.mp3">
      <Filter>Resources\music\JAY</Filter>
    </ClInclude>
    <ClInclude Include="D:\GOLD MINER\goldminer-game\Resources\music\JAY\周杰伦 - 开不了口.flac">
      <Filter>Resources\music\JAY</Filter>
    </ClInclude>
    <ClInclude Include="D:\GOLD MINER\goldminer-game\Resources\music\JAY\周杰伦 - 开不了口.mp3">
      <Filter>Resources\music\JAY</Filter>
    </ClInclude>
    <ClInclude Include="D:\GOLD MINER\goldminer-game\Resources\music\JAY\周杰伦 - 忍者.flac">
      <Filter>Resources\music\JAY</Filter>
    </ClInclude>
    <ClInclude Include="D:\GOLD MINER\goldminer-game\Resources\music\JAY\周杰伦 - 忍者.mp3">
      <Filter>Resources\music\JAY</Filter>
    </ClInclude>
    <ClInclude Include="D:\GOLD MINER\goldminer-game\Resources\music\JAY\周杰伦 - 手语.flac">
      <Filter>Resources\music\JAY</Filter>
    </ClInclude>
    <ClInclude Include="D:\GOLD MINER\goldminer-game\Resources\music\JAY\周杰伦 - 手语.mp3">
      <Filter>Resources\music\JAY</Filter>
    </ClInclude>
    <ClInclude Include="D:\GOLD MINER\goldminer-game\Resources\music\JAY\周杰伦 - 斗牛.flac">
      <Filter>Resources\music\JAY</Filter>
    </ClInclude>
    <ClInclude Include="D:\GOLD MINER\goldminer-game\Resources\music\JAY\周杰伦 - 斗牛.mp3">
      <Filter>Resources\music\JAY</Filter>
    </ClInclude>
    <ClInclude Include="D:\GOLD MINER\goldminer-game\Resources\music\JAY\周杰伦 - 时光机.flac">
      <Filter>Resources\music\JAY</Filter>
    </ClInclude>
    <ClInclude Include="D:\GOLD MINER\goldminer-game\Resources\music\JAY\周杰伦 - 时光机.mp3">
      <Filter>Resources\music\JAY</Filter>
    </ClInclude>
    <ClInclude Include="D:\GOLD MINER\goldminer-game\Resources\music\JAY\周杰伦 - 晴天.flac">
      <Filter>Resources\music\JAY</Filter>
    </ClInclude>
    <ClInclude Include="D:\GOLD MINER\goldminer-game\Resources\music\JAY\周杰伦 - 晴天.mp3">
      <Filter>Resources\music\JAY</Filter>
    </ClInclude>
    <ClInclude Include="D:\GOLD MINER\goldminer-game\Resources\music\JAY\周杰伦 - 火车叨位去.flac">
      <Filter>Resources\music\JAY</Filter>
    </ClInclude>
    <ClInclude Include="D:\GOLD MINER\goldminer-game\Resources\music\JAY\周杰伦 - 火车叨位去.mp3">
      <Filter>Resources\music\JAY</Filter>
    </ClInclude>
    <ClInclude Include="D:\GOLD MINER\goldminer-game\Resources\music\JAY\周杰伦 - 爱你没差.flac">
      <Filter>Resources\music\JAY</Filter>
    </ClInclude>
    <ClInclude Include="D:\GOLD MINER\goldminer-game\Resources\music\JAY\周杰伦 - 爱你没差.mp3">
      <Filter>Resources\music\JAY</Filter>
    </ClInclude>
    <ClInclude Include="D:\GOLD MINER\goldminer-game\Resources\music\JAY\周杰伦 - 爱在西元前.flac">
      <Filter>Resources\music\JAY</Filter>
    </ClInclude>
    <ClInclude Include="D:\GOLD MINER\goldminer-game\Resources\music\JAY\周杰伦 - 爱在西元前.mp3">
      <Filter>Resources\music\JAY</Filter>
    </ClInclude>
    <ClInclude Include="D:\GOLD MINER\goldminer-game\Resources\music\JAY\周杰伦 - 牛仔很忙.flac">
      <Filter>Resources\music\JAY</Filter>
    </ClInclude>
    <ClInclude Include="D:\GOLD MINER\goldminer-game\Resources\music\JAY\周杰伦 - 牛仔很忙.mp3">
      <Filter>Resources\music\JAY</Filter>
    </ClInclude>
    <ClInclude Include="D:\GOLD MINER\goldminer-game\Resources\music\JAY\周杰伦 - 稻香.flac">
      <Filter>Resources\music\JAY</Filter>
    </ClInclude>
    <ClInclude Include="D:\GOLD MINER\goldminer-game\Resources\music\JAY\周杰伦 - 稻香.mp3">
      <Filter>Resources\music\JAY</Filter>
    </ClInclude>
    <ClInclude Include="D:\GOLD MINER\goldminer-game\Resources\music\JAY\周杰伦 - 给我一首歌的时间.flac">
      <Filter>Resources\music\JAY</Filter>
    </ClInclude>
    <ClInclude Include="D:\GOLD MINER\goldminer-game\Resources\music\JAY\周杰伦 - 给我一首歌的时间.mp3">
      <Filter>Resources\music\JAY</Filter>
    </ClInclude>
    <ClInclude Include="D:\GOLD MINER\goldminer-game\Resources\music\JAY\周杰伦 - 说走就走.flac">
      <Filter>Resources\music\JAY</Filter>
    </ClInclude>
    <ClInclude Include="D:\GOLD MINER\goldminer-game\Resources\music\JAY\周杰伦 - 说走就走.mp3">
      <Filter>Resources\music\JAY</Filter>
    </ClInclude>
    <ClInclude Include="D:\GOLD MINER\goldminer-game\Resources\music\JAY\周杰伦 - 逆鳞.flac">
      <Filter>Resources\music\JAY</Filter>
    </ClInclude>
    <ClInclude Include="D:\GOLD MINER\goldminer-game\Resources\music\JAY\周杰伦 - 逆鳞.mp3">
      <Filter>Resources\music\JAY</Filter>
    </ClInclude>
    <ClInclude Include="D:\GOLD MINER\goldminer-game\Resources\music\JAY\周杰伦 - 霍元甲.flac">
      <Filter>Resources\music\JAY</Filter>
    </ClInclude>
    <ClInclude Include="D:\GOLD MINER\goldminer-game\Resources\music\JAY\周杰伦 - 霍元甲.mp3">
      <Filter>Resources\music\JAY</Filter>
    </ClInclude>
    <ClInclude Include="D:\GOLD MINER\goldminer-game\Resources\music\JAY\周杰伦 - 飘移.flac">
      <Filter>Resources\music\JAY</Filter>
    </ClInclude>
    <ClInclude Include="D:\GOLD MINER\goldminer-game\Resources\music\JAY\周杰伦 - 飘移.mp3">
      <Filter>Resources\music\JAY</Filter>
    </ClInclude>
    <ClInclude Include="D:\GOLD MINER\goldminer-game\Resources\music\JAY\周杰伦 - 龙卷风.flac">
      <Filter>Resources\music\JAY</Filter>
    </ClInclude>
    <ClInclude Include="D:\GOLD MINER\goldminer-game\Resources\music\JAY\周杰伦 - 龙卷风.mp3">
      <Filter>Resources\music\JAY</Filter>
    </ClInclude>
    <ClInclude Include="D:\GOLD MINER\goldminer-game\Resources\music\Select.mp3">
      <Filter>Resources\music</Filter>
    </ClInclude>
    <ClInclude Include="D:\GOLD MINER\goldminer-game\Resources\music\backMusic-exchange.flac">
      <Filter>Resources\music</Filter>
    </ClInclude>
    <ClInclude Include="D:\GOLD MINER\goldminer-game\Resources\music\backMusic.mp3">
      <Filter>Resources\music</Filter>
    </ClInclude>
    <ClInclude Include="D:\GOLD MINER\goldminer-game\Resources\music\bomb.mp3">
      <Filter>Resources\music</Filter>
    </ClInclude>
    <ClInclude Include="D:\GOLD MINER\goldminer-game\Resources\music\finish.mp3">
      <Filter>Resources\music</Filter>
    </ClInclude>
    <ClInclude Include="D:\GOLD MINER\goldminer-game\Resources\music\laend.mp3">
      <Filter>Resources\music</Filter>
    </ClInclude>
    <ClInclude Include="D:\GOLD MINER\goldminer-game\Resources\music\largegold.mp3">
      <Filter>Resources\music</Filter>
    </ClInclude>
    <ClInclude Include="D:\GOLD MINER\goldminer-game\Resources\music\lastart.mp3">
      <Filter>Resources\music</Filter>
    </ClInclude>
    <ClInclude Include="D:\GOLD MINER\goldminer-game\Resources\music\level.mp3">
      <Filter>Resources\music</Filter>
    </ClInclude>
  </ItemGroup>
  <ItemGroup>
    <CustomBuild Include="D:\GOLD MINER\goldminer-game\CMakeLists.txt" />
  </ItemGroup>
  <ItemGroup>
    <ResourceCompile Include="D:\GOLD MINER\goldminer-game\proj.win32\game.rc">
      <Filter>Source Files\proj.win32</Filter>
    </ResourceCompile>
  </ItemGroup>
  <ItemGroup>
    <Filter Include="Resources">
      <UniqueIdentifier>{2D0BAB03-D7A6-302B-8F70-D097FF1C4FF6}</UniqueIdentifier>
    </Filter>
    <Filter Include="Resources\Default">
      <UniqueIdentifier>{52458E2B-361F-34DA-B937-7FC50A4BED45}</UniqueIdentifier>
    </Filter>
    <Filter Include="Resources\Resources">
      <UniqueIdentifier>{4F041B73-8ACB-3DBC-8F41-0F91937CA81F}</UniqueIdentifier>
    </Filter>
    <Filter Include="Resources\music">
      <UniqueIdentifier>{E0251F7D-A7DC-3E15-8289-09A9C21CCDF4}</UniqueIdentifier>
    </Filter>
    <Filter Include="Resources\music\David Tao">
      <UniqueIdentifier>{61560B23-1AB9-35F5-AF1A-9CCBAE2896D7}</UniqueIdentifier>
    </Filter>
    <Filter Include="Resources\music\JAY">
      <UniqueIdentifier>{931F169B-F998-380B-AF7B-D3D924D4373A}</UniqueIdentifier>
    </Filter>
    <Filter Include="Source Files">
      <UniqueIdentifier>{B0D6D961-7C85-3F34-9909-A270837FFDFC}</UniqueIdentifier>
    </Filter>
    <Filter Include="Source Files\Classes">
      <UniqueIdentifier>{F26C61B8-6C37-33D6-94CB-BEDEA8203866}</UniqueIdentifier>
    </Filter>
    <Filter Include="Source Files\Classes\MainScene">
      <UniqueIdentifier>{C724B3C9-68AF-3044-988D-FD2D2D9BEB82}</UniqueIdentifier>
    </Filter>
    <Filter Include="Source Files\Classes\Other">
      <UniqueIdentifier>{E869D036-2969-3A8D-A394-6B672320F6BD}</UniqueIdentifier>
    </Filter>
    <Filter Include="Source Files\Classes\Tool">
      <UniqueIdentifier>{206122DC-D621-30E7-8315-061A01DB1906}</UniqueIdentifier>
    </Filter>
    <Filter Include="Source Files\Classes\gameobjects">
      <UniqueIdentifier>{2021766B-804D-384E-B26E-C7B71BB25F47}</UniqueIdentifier>
    </Filter>
    <Filter Include="Source Files\Classes\services">
      <UniqueIdentifier>{DDE3D02A-8DE3-359B-B72E-4AD9AEB698C1}</UniqueIdentifier>
    </Filter>
    <Filter Include="Source Files\proj.win32">
      <UniqueIdentifier>{1445CDE6-429D-3D71-8EAF-0B672370F114}</UniqueIdentifier>
    </Filter>
  </ItemGroup>
</Project>
