<?xml version="1.0" encoding="utf-8"?>
<Project ToolsVersion="18.0" xmlns="http://schemas.microsoft.com/developer/msbuild/2003">
  <ItemGroup>
    <CustomBuild Include="D:\GOLD MINER\goldminer-game\build-win32\CMakeFiles\c91400b82fb01f1f072d138d8d303666\generate.stamp.rule">
      <Filter>CMake Rules</Filter>
    </CustomBuild>
  </ItemGroup>
  <ItemGroup>
    <Filter Include="CMake Rules">
      <UniqueIdentifier>{8F5CDC52-E2CD-3F73-8AB5-9CC6DEA7858F}</UniqueIdentifier>
    </Filter>
  </ItemGroup>
</Project>
